
Microsoft Visual Studio Solution File, Format Version 12.00
# Visual Studio Version 17
VisualStudioVersion = 17.0.32014.148
MinimumVisualStudioVersion = 10.0.40219.1
Project("{FAE04EC0-301F-11D3-BF4B-00C04F79EFBC}") = "Primitives", "Primitives.csproj", "{DE12E2A2-AE85-4270-A4C2-DC535BA7EA1F}"
EndProject
Global
	GlobalSection(SolutionConfigurationPlatforms) = preSolution
		Debug|Any CPU = Debug|Any CPU
		Release|Any CPU = Release|Any CPU
	EndGlobalSection
	GlobalSection(ProjectConfigurationPlatforms) = postSolution
		{DE12E2A2-AE85-4270-A4C2-DC535BA7EA1F}.Debug|Any CPU.ActiveCfg = Debug|Any CPU
		{DE12E2A2-AE85-4270-A4C2-DC535BA7EA1F}.Debug|Any CPU.Build.0 = Debug|Any CPU
		{DE12E2A2-AE85-4270-A4C2-DC535BA7EA1F}.Release|Any CPU.ActiveCfg = Release|Any CPU
		{DE12E2A2-AE85-4270-A4C2-DC535BA7EA1F}.Release|Any CPU.Build.0 = Release|Any CPU
	EndGlobalSection
	GlobalSection(SolutionProperties) = preSolution
		HideSolutionNode = FALSE
	EndGlobalSection
	GlobalSection(ExtensibilityGlobals) = postSolution
		SolutionGuid = {03C6E11C-37C9-40BA-8943-280B5D20DEB1}
	EndGlobalSection
EndGlobal
