
Microsoft Visual Studio Solution File, Format Version 12.00
# Visual Studio Version 17
VisualStudioVersion = 17.0.32014.148
MinimumVisualStudioVersion = 10.0.40219.1
Project("{FAE04EC0-301F-11D3-BF4B-00C04F79EFBC}") = "PMPage", "PMPage.csproj", "{1DB27110-544A-492F-8A06-B583246C1511}"
EndProject
Global
	GlobalSection(SolutionConfigurationPlatforms) = preSolution
		Debug|Any CPU = Debug|Any CPU
		Release|Any CPU = Release|Any CPU
	EndGlobalSection
	GlobalSection(ProjectConfigurationPlatforms) = postSolution
		{1DB27110-544A-492F-8A06-B583246C1511}.Debug|Any CPU.ActiveCfg = Debug|Any CPU
		{1DB27110-544A-492F-8A06-B583246C1511}.Debug|Any CPU.Build.0 = Debug|Any CPU
		{1DB27110-544A-492F-8A06-B583246C1511}.Release|Any CPU.ActiveCfg = Release|Any CPU
		{1DB27110-544A-492F-8A06-B583246C1511}.Release|Any CPU.Build.0 = Release|Any CPU
	EndGlobalSection
	GlobalSection(SolutionProperties) = preSolution
		HideSolutionNode = FALSE
	EndGlobalSection
	GlobalSection(ExtensibilityGlobals) = postSolution
		SolutionGuid = {38B3F633-4861-4F67-87BE-564AF28B2EA4}
	EndGlobalSection
EndGlobal
